
Microsoft Visual Studio Solution File, Format Version 12.00
# Visual Studio Version 16
VisualStudioVersion = 16.0.31605.320
MinimumVisualStudioVersion = 10.0.40219.1
Project("{9A19103F-16F7-4668-BE54-9A1E7A4F7556}") = "BetterMagnetPlugin", "BetterMagnetPlugin.csproj", "{B733F80E-81F1-43AC-A431-0D03A77BC6E2}"
EndProject
Global
	GlobalSection(SolutionConfigurationPlatforms) = preSolution
		Debug|Any CPU = Debug|Any CPU
		Release|Any CPU = Release|Any CPU
	EndGlobalSection
	GlobalSection(ProjectConfigurationPlatforms) = postSolution
		{B733F80E-81F1-43AC-A431-0D03A77BC6E2}.Debug|Any CPU.ActiveCfg = Debug|Any CPU
		{B733F80E-81F1-43AC-A431-0D03A77BC6E2}.Debug|Any CPU.Build.0 = Debug|Any CPU
		{B733F80E-81F1-43AC-A431-0D03A77BC6E2}.Release|Any CPU.ActiveCfg = Release|Any CPU
		{B733F80E-81F1-43AC-A431-0D03A77BC6E2}.Release|Any CPU.Build.0 = Release|Any CPU
	EndGlobalSection
	GlobalSection(SolutionProperties) = preSolution
		HideSolutionNode = FALSE
	EndGlobalSection
	GlobalSection(ExtensibilityGlobals) = postSolution
		SolutionGuid = {FF39C93D-CA5B-458B-A41B-45FCAD8B7290}
	EndGlobalSection
EndGlobal
